
Microsoft Visual Studio Solution File, Format Version 12.00
# Visual Studio 15
VisualStudioVersion = 15.0.27428.2005
MinimumVisualStudioVersion = 10.0.40219.1
Project("{FAE04EC0-301F-11D3-BF4B-00C04F79EFBC}") = "SMGS.Presentation", "SMGS.Presentation\SMGS.Presentation.csproj", "{CB9F68E2-9056-49AE-81B6-800B734ABD65}"
EndProject
Project("{2150E333-8FDC-42A3-9474-1A3956D46DE8}") = "Core", "Core", "{3E8EADC6-9B1A-42F8-A193-EC61C975D5FB}"
EndProject
Project("{2150E333-8FDC-42A3-9474-1A3956D46DE8}") = "UI", "UI", "{CA82814A-F636-4045-9662-9A9C37467499}"
EndProject
Project("{2150E333-8FDC-42A3-9474-1A3956D46DE8}") = "Infrastructure", "Infrastructure", "{79234D98-53B2-4EFF-B017-605C6D6424B9}"
EndProject
Project("{2150E333-8FDC-42A3-9474-1A3956D46DE8}") = "Test", "Test", "{379C67EB-8519-4252-A81D-569A81926506}"
EndProject
Project("{2150E333-8FDC-42A3-9474-1A3956D46DE8}") = "Service", "Service", "{037D0036-B212-436A-ADA9-42ACD001B89F}"
EndProject
Project("{FAE04EC0-301F-11D3-BF4B-00C04F79EFBC}") = "Core.ObjectModels", "SPMS.ObjectModel\Core.ObjectModels.csproj", "{F721A69E-A373-46C7-8CFE-25C42397E652}"
EndProject
Project("{FAE04EC0-301F-11D3-BF4B-00C04F79EFBC}") = "Core.ObjectServices", "Core.ObjectServices\Core.ObjectServices.csproj", "{927EBD4E-880D-410F-824A-DCCCF1E2E0AF}"
EndProject
Project("{FAE04EC0-301F-11D3-BF4B-00C04F79EFBC}") = "Core.AppServices", "Core.AppServices\Core.AppServices.csproj", "{CADE03A4-F429-492B-92A8-D618AD6EBA93}"
EndProject
Project("{FAE04EC0-301F-11D3-BF4B-00C04F79EFBC}") = "Infrastructure.Data", "Infrastructure.Data\Infrastructure.Data.csproj", "{37B09990-7B20-4961-AC4A-3BF25B88E768}"
EndProject
Project("{FAE04EC0-301F-11D3-BF4B-00C04F79EFBC}") = "Infrastructure.Logging", "Infrastructure.Logging\Infrastructure.Logging.csproj", "{F239CED0-9A7F-4E11-823E-969F23D4CE66}"
EndProject
Project("{FAE04EC0-301F-11D3-BF4B-00C04F79EFBC}") = "Service.Business", "Service.Business\Service.Business.csproj", "{0749CD74-A167-495D-945B-8934EFA482A4}"
EndProject
Project("{FAE04EC0-301F-11D3-BF4B-00C04F79EFBC}") = "SMGSTest", "SPMSTest\SMGSTest.csproj", "{472D6B7D-41A0-4889-B44E-4B981A81C16F}"
EndProject
Global
	GlobalSection(SolutionConfigurationPlatforms) = preSolution
		Debug|Any CPU = Debug|Any CPU
		Debug|ARM = Debug|ARM
		Debug|x64 = Debug|x64
		Debug|x86 = Debug|x86
		Release|Any CPU = Release|Any CPU
		Release|ARM = Release|ARM
		Release|x64 = Release|x64
		Release|x86 = Release|x86
	EndGlobalSection
	GlobalSection(ProjectConfigurationPlatforms) = postSolution
		{CB9F68E2-9056-49AE-81B6-800B734ABD65}.Debug|Any CPU.ActiveCfg = Debug|Any CPU
		{CB9F68E2-9056-49AE-81B6-800B734ABD65}.Debug|Any CPU.Build.0 = Debug|Any CPU
		{CB9F68E2-9056-49AE-81B6-800B734ABD65}.Debug|ARM.ActiveCfg = Debug|Any CPU
		{CB9F68E2-9056-49AE-81B6-800B734ABD65}.Debug|x64.ActiveCfg = Debug|Any CPU
		{CB9F68E2-9056-49AE-81B6-800B734ABD65}.Debug|x86.ActiveCfg = Debug|Any CPU
		{CB9F68E2-9056-49AE-81B6-800B734ABD65}.Release|Any CPU.ActiveCfg = Release|Any CPU
		{CB9F68E2-9056-49AE-81B6-800B734ABD65}.Release|Any CPU.Build.0 = Release|Any CPU
		{CB9F68E2-9056-49AE-81B6-800B734ABD65}.Release|ARM.ActiveCfg = Release|Any CPU
		{CB9F68E2-9056-49AE-81B6-800B734ABD65}.Release|x64.ActiveCfg = Release|Any CPU
		{CB9F68E2-9056-49AE-81B6-800B734ABD65}.Release|x86.ActiveCfg = Release|Any CPU
		{F721A69E-A373-46C7-8CFE-25C42397E652}.Debug|Any CPU.ActiveCfg = Debug|Any CPU
		{F721A69E-A373-46C7-8CFE-25C42397E652}.Debug|Any CPU.Build.0 = Debug|Any CPU
		{F721A69E-A373-46C7-8CFE-25C42397E652}.Debug|ARM.ActiveCfg = Debug|Any CPU
		{F721A69E-A373-46C7-8CFE-25C42397E652}.Debug|x64.ActiveCfg = Debug|Any CPU
		{F721A69E-A373-46C7-8CFE-25C42397E652}.Debug|x86.ActiveCfg = Debug|Any CPU
		{F721A69E-A373-46C7-8CFE-25C42397E652}.Release|Any CPU.ActiveCfg = Release|Any CPU
		{F721A69E-A373-46C7-8CFE-25C42397E652}.Release|Any CPU.Build.0 = Release|Any CPU
		{F721A69E-A373-46C7-8CFE-25C42397E652}.Release|ARM.ActiveCfg = Release|Any CPU
		{F721A69E-A373-46C7-8CFE-25C42397E652}.Release|x64.ActiveCfg = Release|Any CPU
		{F721A69E-A373-46C7-8CFE-25C42397E652}.Release|x86.ActiveCfg = Release|Any CPU
		{927EBD4E-880D-410F-824A-DCCCF1E2E0AF}.Debug|Any CPU.ActiveCfg = Debug|Any CPU
		{927EBD4E-880D-410F-824A-DCCCF1E2E0AF}.Debug|Any CPU.Build.0 = Debug|Any CPU
		{927EBD4E-880D-410F-824A-DCCCF1E2E0AF}.Debug|ARM.ActiveCfg = Debug|Any CPU
		{927EBD4E-880D-410F-824A-DCCCF1E2E0AF}.Debug|x64.ActiveCfg = Debug|Any CPU
		{927EBD4E-880D-410F-824A-DCCCF1E2E0AF}.Debug|x86.ActiveCfg = Debug|Any CPU
		{927EBD4E-880D-410F-824A-DCCCF1E2E0AF}.Release|Any CPU.ActiveCfg = Release|Any CPU
		{927EBD4E-880D-410F-824A-DCCCF1E2E0AF}.Release|Any CPU.Build.0 = Release|Any CPU
		{927EBD4E-880D-410F-824A-DCCCF1E2E0AF}.Release|ARM.ActiveCfg = Release|Any CPU
		{927EBD4E-880D-410F-824A-DCCCF1E2E0AF}.Release|x64.ActiveCfg = Release|Any CPU
		{927EBD4E-880D-410F-824A-DCCCF1E2E0AF}.Release|x86.ActiveCfg = Release|Any CPU
		{CADE03A4-F429-492B-92A8-D618AD6EBA93}.Debug|Any CPU.ActiveCfg = Debug|Any CPU
		{CADE03A4-F429-492B-92A8-D618AD6EBA93}.Debug|Any CPU.Build.0 = Debug|Any CPU
		{CADE03A4-F429-492B-92A8-D618AD6EBA93}.Debug|ARM.ActiveCfg = Debug|Any CPU
		{CADE03A4-F429-492B-92A8-D618AD6EBA93}.Debug|x64.ActiveCfg = Debug|Any CPU
		{CADE03A4-F429-492B-92A8-D618AD6EBA93}.Debug|x86.ActiveCfg = Debug|Any CPU
		{CADE03A4-F429-492B-92A8-D618AD6EBA93}.Release|Any CPU.ActiveCfg = Release|Any CPU
		{CADE03A4-F429-492B-92A8-D618AD6EBA93}.Release|Any CPU.Build.0 = Release|Any CPU
		{CADE03A4-F429-492B-92A8-D618AD6EBA93}.Release|ARM.ActiveCfg = Release|Any CPU
		{CADE03A4-F429-492B-92A8-D618AD6EBA93}.Release|x64.ActiveCfg = Release|Any CPU
		{CADE03A4-F429-492B-92A8-D618AD6EBA93}.Release|x86.ActiveCfg = Release|Any CPU
		{37B09990-7B20-4961-AC4A-3BF25B88E768}.Debug|Any CPU.ActiveCfg = Debug|Any CPU
		{37B09990-7B20-4961-AC4A-3BF25B88E768}.Debug|Any CPU.Build.0 = Debug|Any CPU
		{37B09990-7B20-4961-AC4A-3BF25B88E768}.Debug|ARM.ActiveCfg = Debug|Any CPU
		{37B09990-7B20-4961-AC4A-3BF25B88E768}.Debug|x64.ActiveCfg = Debug|Any CPU
		{37B09990-7B20-4961-AC4A-3BF25B88E768}.Debug|x86.ActiveCfg = Debug|Any CPU
		{37B09990-7B20-4961-AC4A-3BF25B88E768}.Release|Any CPU.ActiveCfg = Release|Any CPU
		{37B09990-7B20-4961-AC4A-3BF25B88E768}.Release|Any CPU.Build.0 = Release|Any CPU
		{37B09990-7B20-4961-AC4A-3BF25B88E768}.Release|ARM.ActiveCfg = Release|Any CPU
		{37B09990-7B20-4961-AC4A-3BF25B88E768}.Release|x64.ActiveCfg = Release|Any CPU
		{37B09990-7B20-4961-AC4A-3BF25B88E768}.Release|x86.ActiveCfg = Release|Any CPU
		{F239CED0-9A7F-4E11-823E-969F23D4CE66}.Debug|Any CPU.ActiveCfg = Debug|Any CPU
		{F239CED0-9A7F-4E11-823E-969F23D4CE66}.Debug|Any CPU.Build.0 = Debug|Any CPU
		{F239CED0-9A7F-4E11-823E-969F23D4CE66}.Debug|ARM.ActiveCfg = Debug|Any CPU
		{F239CED0-9A7F-4E11-823E-969F23D4CE66}.Debug|x64.ActiveCfg = Debug|Any CPU
		{F239CED0-9A7F-4E11-823E-969F23D4CE66}.Debug|x86.ActiveCfg = Debug|Any CPU
		{F239CED0-9A7F-4E11-823E-969F23D4CE66}.Release|Any CPU.ActiveCfg = Release|Any CPU
		{F239CED0-9A7F-4E11-823E-969F23D4CE66}.Release|Any CPU.Build.0 = Release|Any CPU
		{F239CED0-9A7F-4E11-823E-969F23D4CE66}.Release|ARM.ActiveCfg = Release|Any CPU
		{F239CED0-9A7F-4E11-823E-969F23D4CE66}.Release|x64.ActiveCfg = Release|Any CPU
		{F239CED0-9A7F-4E11-823E-969F23D4CE66}.Release|x86.ActiveCfg = Release|Any CPU
		{0749CD74-A167-495D-945B-8934EFA482A4}.Debug|Any CPU.ActiveCfg = Debug|Any CPU
		{0749CD74-A167-495D-945B-8934EFA482A4}.Debug|Any CPU.Build.0 = Debug|Any CPU
		{0749CD74-A167-495D-945B-8934EFA482A4}.Debug|ARM.ActiveCfg = Debug|Any CPU
		{0749CD74-A167-495D-945B-8934EFA482A4}.Debug|x64.ActiveCfg = Debug|Any CPU
		{0749CD74-A167-495D-945B-8934EFA482A4}.Debug|x86.ActiveCfg = Debug|Any CPU
		{0749CD74-A167-495D-945B-8934EFA482A4}.Release|Any CPU.ActiveCfg = Release|Any CPU
		{0749CD74-A167-495D-945B-8934EFA482A4}.Release|Any CPU.Build.0 = Release|Any CPU
		{0749CD74-A167-495D-945B-8934EFA482A4}.Release|ARM.ActiveCfg = Release|Any CPU
		{0749CD74-A167-495D-945B-8934EFA482A4}.Release|x64.ActiveCfg = Release|Any CPU
		{0749CD74-A167-495D-945B-8934EFA482A4}.Release|x86.ActiveCfg = Release|Any CPU
		{472D6B7D-41A0-4889-B44E-4B981A81C16F}.Debug|Any CPU.ActiveCfg = Debug|Any CPU
		{472D6B7D-41A0-4889-B44E-4B981A81C16F}.Debug|Any CPU.Build.0 = Debug|Any CPU
		{472D6B7D-41A0-4889-B44E-4B981A81C16F}.Debug|ARM.ActiveCfg = Debug|Any CPU
		{472D6B7D-41A0-4889-B44E-4B981A81C16F}.Debug|ARM.Build.0 = Debug|Any CPU
		{472D6B7D-41A0-4889-B44E-4B981A81C16F}.Debug|x64.ActiveCfg = Debug|Any CPU
		{472D6B7D-41A0-4889-B44E-4B981A81C16F}.Debug|x64.Build.0 = Debug|Any CPU
		{472D6B7D-41A0-4889-B44E-4B981A81C16F}.Debug|x86.ActiveCfg = Debug|Any CPU
		{472D6B7D-41A0-4889-B44E-4B981A81C16F}.Debug|x86.Build.0 = Debug|Any CPU
		{472D6B7D-41A0-4889-B44E-4B981A81C16F}.Release|Any CPU.ActiveCfg = Release|Any CPU
		{472D6B7D-41A0-4889-B44E-4B981A81C16F}.Release|Any CPU.Build.0 = Release|Any CPU
		{472D6B7D-41A0-4889-B44E-4B981A81C16F}.Release|ARM.ActiveCfg = Release|Any CPU
		{472D6B7D-41A0-4889-B44E-4B981A81C16F}.Release|ARM.Build.0 = Release|Any CPU
		{472D6B7D-41A0-4889-B44E-4B981A81C16F}.Release|x64.ActiveCfg = Release|Any CPU
		{472D6B7D-41A0-4889-B44E-4B981A81C16F}.Release|x64.Build.0 = Release|Any CPU
		{472D6B7D-41A0-4889-B44E-4B981A81C16F}.Release|x86.ActiveCfg = Release|Any CPU
		{472D6B7D-41A0-4889-B44E-4B981A81C16F}.Release|x86.Build.0 = Release|Any CPU
	EndGlobalSection
	GlobalSection(SolutionProperties) = preSolution
		HideSolutionNode = FALSE
	EndGlobalSection
	GlobalSection(NestedProjects) = preSolution
		{CB9F68E2-9056-49AE-81B6-800B734ABD65} = {CA82814A-F636-4045-9662-9A9C37467499}
		{F721A69E-A373-46C7-8CFE-25C42397E652} = {3E8EADC6-9B1A-42F8-A193-EC61C975D5FB}
		{927EBD4E-880D-410F-824A-DCCCF1E2E0AF} = {3E8EADC6-9B1A-42F8-A193-EC61C975D5FB}
		{CADE03A4-F429-492B-92A8-D618AD6EBA93} = {3E8EADC6-9B1A-42F8-A193-EC61C975D5FB}
		{37B09990-7B20-4961-AC4A-3BF25B88E768} = {79234D98-53B2-4EFF-B017-605C6D6424B9}
		{F239CED0-9A7F-4E11-823E-969F23D4CE66} = {79234D98-53B2-4EFF-B017-605C6D6424B9}
		{0749CD74-A167-495D-945B-8934EFA482A4} = {037D0036-B212-436A-ADA9-42ACD001B89F}
		{472D6B7D-41A0-4889-B44E-4B981A81C16F} = {379C67EB-8519-4252-A81D-569A81926506}
	EndGlobalSection
	GlobalSection(ExtensibilityGlobals) = postSolution
		SolutionGuid = {9DFF5C8A-EF44-4D48-A2CA-602A515E14F6}
	EndGlobalSection
EndGlobal
